
Microsoft Visual Studio Solution File, Format Version 12.00
# Visual Studio Version 16
VisualStudioVersion = 16.0.32510.428
MinimumVisualStudioVersion = 10.0.40219.1
Project("{8BC9CEB8-8B4A-11D0-8D11-00A0C91BC942}") = "Quotient and remainder 1", "Quotient and remainder 1\Quotient and remainder 1.vcxproj", "{35678993-999C-4070-8890-271F16F55306}"
EndProject
Global
	GlobalSection(SolutionConfigurationPlatforms) = preSolution
		Debug|x64 = Debug|x64
		Debug|x86 = Debug|x86
		Release|x64 = Release|x64
		Release|x86 = Release|x86
	EndGlobalSection
	GlobalSection(ProjectConfigurationPlatforms) = postSolution
		{35678993-999C-4070-8890-271F16F55306}.Debug|x64.ActiveCfg = Debug|x64
		{35678993-999C-4070-8890-271F16F55306}.Debug|x64.Build.0 = Debug|x64
		{35678993-999C-4070-8890-271F16F55306}.Debug|x86.ActiveCfg = Debug|Win32
		{35678993-999C-4070-8890-271F16F55306}.Debug|x86.Build.0 = Debug|Win32
		{35678993-999C-4070-8890-271F16F55306}.Release|x64.ActiveCfg = Release|x64
		{35678993-999C-4070-8890-271F16F55306}.Release|x64.Build.0 = Release|x64
		{35678993-999C-4070-8890-271F16F55306}.Release|x86.ActiveCfg = Release|Win32
		{35678993-999C-4070-8890-271F16F55306}.Release|x86.Build.0 = Release|Win32
	EndGlobalSection
	GlobalSection(SolutionProperties) = preSolution
		HideSolutionNode = FALSE
	EndGlobalSection
	GlobalSection(ExtensibilityGlobals) = postSolution
		SolutionGuid = {A87F22A6-D0C3-49F3-A462-191C9E9C7F19}
	EndGlobalSection
EndGlobal
